
Microsoft Visual Studio Solution File, Format Version 12.00
# Visual Studio Version 16
VisualStudioVersion = 16.0.30309.148
MinimumVisualStudioVersion = 10.0.40219.1
Project("{FAE04EC0-301F-11D3-BF4B-00C04F79EFBC}") = "ExercicioTryCatch", "ExercicioTryCatch\ExercicioTryCatch.csproj", "{9E60E41C-C236-4928-8E3E-5BB00890BE97}"
EndProject
Global
	GlobalSection(SolutionConfigurationPlatforms) = preSolution
		Debug|Any CPU = Debug|Any CPU
		Release|Any CPU = Release|Any CPU
	EndGlobalSection
	GlobalSection(ProjectConfigurationPlatforms) = postSolution
		{9E60E41C-C236-4928-8E3E-5BB00890BE97}.Debug|Any CPU.ActiveCfg = Debug|Any CPU
		{9E60E41C-C236-4928-8E3E-5BB00890BE97}.Debug|Any CPU.Build.0 = Debug|Any CPU
		{9E60E41C-C236-4928-8E3E-5BB00890BE97}.Release|Any CPU.ActiveCfg = Release|Any CPU
		{9E60E41C-C236-4928-8E3E-5BB00890BE97}.Release|Any CPU.Build.0 = Release|Any CPU
	EndGlobalSection
	GlobalSection(SolutionProperties) = preSolution
		HideSolutionNode = FALSE
	EndGlobalSection
	GlobalSection(ExtensibilityGlobals) = postSolution
		SolutionGuid = {45E7F141-674F-4A06-BAD3-64F3A0297B61}
	EndGlobalSection
EndGlobal
